{
  "name": "@yaffle/expression",
  "version": "0.0.36",
  "lockfileVersion": 2,
  "requires": true,
  "packages": {
    "": {
      "name": "@yaffle/expression",
      "version": "0.0.36",
      "hasInstallScript": true,
      "license": "ISC",
      "dependencies": {
        "@yaffle/bigdecimal": "^1.0.25",
        "bigint-gcd": "^1.0.19",
        "js-big-integer": "^3.0.20",
        "quadraticsievefactorization": "^1.0.6",
        "seedrandom": "^3.0.5"
      }
    },
    "node_modules/@yaffle/bigdecimal": {
      "version": "1.0.25",
      "resolved": "https://registry.npmjs.org/@yaffle/bigdecimal/-/bigdecimal-1.0.25.tgz",
      "integrity": "sha512-JYnuctNsqrkPnw2XXb/NU4+fjrIqsvf9zj9SzDGwXPhyBQsODcKWfQoBNVKLHg6sHx08gJZqJ8TfIdn7UG6eIQ=="
    },
    "node_modules/bigint-gcd": {
      "version": "1.0.19",
      "resolved": "https://registry.npmjs.org/bigint-gcd/-/bigint-gcd-1.0.19.tgz",
      "integrity": "sha512-PFMxgdPIdniy4slSzQyF32O8NRVrVi+MUzYqhfA3Y+NHNAYMlhAfc1IQuuTa4XoBqLUXckA/NilKkd/jX3LqNA=="
    },
    "node_modules/js-big-integer": {
      "version": "3.0.20",
      "resolved": "https://registry.npmjs.org/js-big-integer/-/js-big-integer-3.0.20.tgz",
      "integrity": "sha512-kvQiPoSGUOGEjhu02SWm/NbMpcjXV/tCyiFwgXvGUTEf7fI4jsO+4G++OHDVvxvGbGzWFoHGc6mKDKKkWaJejw=="
    },
    "node_modules/quadraticsievefactorization": {
      "version": "1.0.6",
      "resolved": "https://registry.npmjs.org/quadraticsievefactorization/-/quadraticsievefactorization-1.0.6.tgz",
      "integrity": "sha512-Wj1IVX7E4+CzKwI2ZoxzPywkwH1j8AOixQK7vFino5UUvmMxsQ3Q4KjuPrETMuz7YyZwVzKpgSKcajrNiWReTA=="
    },
    "node_modules/seedrandom": {
      "version": "3.0.5",
      "resolved": "https://registry.npmjs.org/seedrandom/-/seedrandom-3.0.5.tgz",
      "integrity": "sha512-8OwmbklUNzwezjGInmZ+2clQmExQPvomqjL7LFqOYqtmuxRgQYqOD3mHaU+MvZn5FLUeVxVfQjwLZW/n/JFuqg=="
    }
  },
  "dependencies": {
    "@yaffle/bigdecimal": {
      "version": "1.0.25",
      "resolved": "https://registry.npmjs.org/@yaffle/bigdecimal/-/bigdecimal-1.0.25.tgz",
      "integrity": "sha512-JYnuctNsqrkPnw2XXb/NU4+fjrIqsvf9zj9SzDGwXPhyBQsODcKWfQoBNVKLHg6sHx08gJZqJ8TfIdn7UG6eIQ=="
    },
    "bigint-gcd": {
      "version": "1.0.19",
      "resolved": "https://registry.npmjs.org/bigint-gcd/-/bigint-gcd-1.0.19.tgz",
      "integrity": "sha512-PFMxgdPIdniy4slSzQyF32O8NRVrVi+MUzYqhfA3Y+NHNAYMlhAfc1IQuuTa4XoBqLUXckA/NilKkd/jX3LqNA=="
    },
    "js-big-integer": {
      "version": "3.0.20",
      "resolved": "https://registry.npmjs.org/js-big-integer/-/js-big-integer-3.0.20.tgz",
      "integrity": "sha512-kvQiPoSGUOGEjhu02SWm/NbMpcjXV/tCyiFwgXvGUTEf7fI4jsO+4G++OHDVvxvGbGzWFoHGc6mKDKKkWaJejw=="
    },
    "quadraticsievefactorization": {
      "version": "1.0.6",
      "resolved": "https://registry.npmjs.org/quadraticsievefactorization/-/quadraticsievefactorization-1.0.6.tgz",
      "integrity": "sha512-Wj1IVX7E4+CzKwI2ZoxzPywkwH1j8AOixQK7vFino5UUvmMxsQ3Q4KjuPrETMuz7YyZwVzKpgSKcajrNiWReTA=="
    },
    "seedrandom": {
      "version": "3.0.5",
      "resolved": "https://registry.npmjs.org/seedrandom/-/seedrandom-3.0.5.tgz",
      "integrity": "sha512-8OwmbklUNzwezjGInmZ+2clQmExQPvomqjL7LFqOYqtmuxRgQYqOD3mHaU+MvZn5FLUeVxVfQjwLZW/n/JFuqg=="
    }
  }
}
