{
  "name": "@yaffle/expression",
  "version": "0.0.43",
  "lockfileVersion": 3,
  "requires": true,
  "packages": {
    "": {
      "name": "@yaffle/expression",
      "version": "0.0.43",
      "hasInstallScript": true,
      "license": "ISC",
      "dependencies": {
        "@yaffle/bigdecimal": "^1.0.27",
        "bigint-gcd": "^1.0.28",
        "js-big-integer": "^3.0.25",
        "quadraticsievefactorization": "^1.0.72",
        "seedrandom": "^3.0.5"
      }
    },
    "node_modules/@yaffle/bigdecimal": {
      "version": "1.0.32",
      "resolved": "https://registry.npmjs.org/@yaffle/bigdecimal/-/bigdecimal-1.0.32.tgz",
      "integrity": "sha512-gbRKraYut1712GECqQlZBcvPfDS66BzFy6J2sDekeQVUG61QDL3Uk7d+X3E0mpxYdt/XeHCP1WSIQaRkz7bhnA=="
    },
    "node_modules/bigint-gcd": {
      "version": "1.0.28",
      "resolved": "https://registry.npmjs.org/bigint-gcd/-/bigint-gcd-1.0.28.tgz",
      "integrity": "sha512-/9sjazsUXSJe78elAbmBY5/e6FMvqH9T5LBRoO7nukFxu+/ipzu6LG0OF0hDQ+jr3D8lyYZO85RN67q5aHY/AQ=="
    },
    "node_modules/js-big-integer": {
      "version": "3.0.25",
      "resolved": "https://registry.npmjs.org/js-big-integer/-/js-big-integer-3.0.25.tgz",
      "integrity": "sha512-26NUD0K7AnpkIOegyJBQBc9TuRd9zQtteSMt9EviXWhBqwT237ZIu+URlNJUnPcp2uICRQYIjnYslBaU+sJgJQ=="
    },
    "node_modules/quadraticsievefactorization": {
      "version": "1.0.72",
      "resolved": "https://registry.npmjs.org/quadraticsievefactorization/-/quadraticsievefactorization-1.0.72.tgz",
      "integrity": "sha512-wHd0xPNoVE6EbpKIvRcCuj4fmF7WtJXhhZ2TzMtxh6YPR+E1ZnZOqsWf8/0kKN+Y/jbc/IKpXhKoKJcvEvu/SA=="
    },
    "node_modules/seedrandom": {
      "version": "3.0.5",
      "resolved": "https://registry.npmjs.org/seedrandom/-/seedrandom-3.0.5.tgz",
      "integrity": "sha512-8OwmbklUNzwezjGInmZ+2clQmExQPvomqjL7LFqOYqtmuxRgQYqOD3mHaU+MvZn5FLUeVxVfQjwLZW/n/JFuqg=="
    }
  }
}
