{
  "name": "@yaffle/expression",
  "version": "0.0.46",
  "lockfileVersion": 3,
  "requires": true,
  "packages": {
    "": {
      "name": "@yaffle/expression",
      "version": "0.0.46",
      "hasInstallScript": true,
      "license": "ISC",
      "dependencies": {
        "@yaffle/bigdecimal": "^1.0.27",
        "bigint-gcd": "^1.0.28",
        "js-big-integer": "^3.0.25",
        "quadraticsievefactorization": "^1.0.72",
        "seedrandom": "^3.0.5"
      }
    },
    "node_modules/@yaffle/bigdecimal": {
      "version": "1.0.36",
      "resolved": "https://registry.npmjs.org/@yaffle/bigdecimal/-/bigdecimal-1.0.36.tgz",
      "integrity": "sha512-ADLt8lRsO1OH45/nhuT8CQfJCGKOCgkxo1udoPz2K976DOpK2pzaTq/lIgSlVwQRnH7v+agqZYnYQFt7RX33Og=="
    },
    "node_modules/bigint-gcd": {
      "version": "1.0.44",
      "resolved": "https://registry.npmjs.org/bigint-gcd/-/bigint-gcd-1.0.44.tgz",
      "integrity": "sha512-JOUY170RMHauBFjs/mAyBJYXR2Y61Pz4cMeZA8WTOPBo0uYuNeKIEKanaNQ8BlMEPjPB6UQ/DbeYDksCFk0RCw=="
    },
    "node_modules/js-big-integer": {
      "version": "3.0.26",
      "resolved": "https://registry.npmjs.org/js-big-integer/-/js-big-integer-3.0.26.tgz",
      "integrity": "sha512-+UhYeZAZYehN52VNRL0p7LNm/WKA3jKoXfDqRSTU931HxPM7U32jqq5URGD/3b4hHk+N3ZDdnbSwGr3CPBBEyQ=="
    },
    "node_modules/pollardsrho": {
      "version": "1.0.7",
      "resolved": "https://registry.npmjs.org/pollardsrho/-/pollardsrho-1.0.7.tgz",
      "integrity": "sha512-1CVeTCo5e3qjvDLLRHRAJE+oBeJlJnt/7y42DhNHAHo8rtuv6wrI8WQFvdV1ez51dnmt3T2XknunSpA9mjdBog=="
    },
    "node_modules/quadraticsievefactorization": {
      "version": "1.0.77",
      "resolved": "https://registry.npmjs.org/quadraticsievefactorization/-/quadraticsievefactorization-1.0.77.tgz",
      "integrity": "sha512-OsG5wd0BIcKHixx95AlUtBIZhyBuMyD8t9oljtdewfOs3/GlEglaiuHu+kcrRcedtX7O+a5IUzrY1mAz81bWTQ==",
      "dependencies": {
        "pollardsrho": "^1.0.5"
      }
    },
    "node_modules/seedrandom": {
      "version": "3.0.5",
      "resolved": "https://registry.npmjs.org/seedrandom/-/seedrandom-3.0.5.tgz",
      "integrity": "sha512-8OwmbklUNzwezjGInmZ+2clQmExQPvomqjL7LFqOYqtmuxRgQYqOD3mHaU+MvZn5FLUeVxVfQjwLZW/n/JFuqg=="
    }
  }
}
